# This file was autogenerated by Stack.
# You should not edit this file by hand.
# For more information, please see the documentation at:
#   https://docs.haskellstack.org/en/stable/lock_files

packages:
- completed:
    name: bellman-ford
    version: 0.1.0.0
    git: https://github.com/runeksvendsen/bellman-ford.git
    pantry-tree:
      size: 1696
      sha256: 5db69624db7a4aa05772637ae40c5f7e88b978fdbff2e171207a1048a869f4f1
    commit: 5d62c5045c4451df215f23b1fb003dd7cb889833
  original:
    git: https://github.com/runeksvendsen/bellman-ford.git
    commit: 5d62c5045c4451df215f23b1fb003dd7cb889833
- completed:
    hackage: logging-3.0.5@sha256:88096d3124fce9a19af3720f751e1a354d866ed5030d2e5197238d2277cdb2f2,2374
    pantry-tree:
      size: 264
      sha256: 35c4c46138a30e516c2f27dfc51a993e7d7946af0de1a826f18b71a854c2da21
  original:
    hackage: logging-3.0.5@sha256:88096d3124fce9a19af3720f751e1a354d866ed5030d2e5197238d2277cdb2f2
- completed:
    hackage: rate-limit-1.4.1@sha256:27abe882e8b7851202cac124ea2b631e77ab7216f7a655b0782704838fe3c305,943
    pantry-tree:
      size: 214
      sha256: f5eb6d9a78edc08d896771aefbd6b9986d85724bb1f9bec88fa09fd7a88551b4
  original:
    hackage: rate-limit-1.4.1@sha256:27abe882e8b7851202cac124ea2b631e77ab7216f7a655b0782704838fe3c305
- completed:
    hackage: time-units-1.0.0@sha256:27cf54091c4a0ca73d504fc11d5c31ab4041d17404fe3499945e2055697746c1,928
    pantry-tree:
      size: 212
      sha256: 9b516d4195fcea22cd1f4335cfe210e88deca397ba7dacc494d5a2feb69e1af8
  original:
    hackage: time-units-1.0.0@sha256:27cf54091c4a0ca73d504fc11d5c31ab4041d17404fe3499945e2055697746c1
- completed:
    hackage: thrist-0.4@sha256:f2b6b1b918aa2899669ebcb1c368d57fbd0d4d65e7e316d9203df813348ed732,1943
    pantry-tree:
      size: 428
      sha256: 5d3fdde4f4e3e1081e8a5a4ad14b9b20b1c51a20fefb36365d037b3dcffbf885
  original:
    hackage: thrist-0.4@sha256:f2b6b1b918aa2899669ebcb1c368d57fbd0d4d65e7e316d9203df813348ed732
- completed:
    hackage: containers-0.5.11.0@sha256:28ad7337057442f75bc689315ab4ec7bdf5e6b2c39668f306672cecd82c02798,16685
    pantry-tree:
      size: 4849
      sha256: faa4e75922a28f7cfe9920c1d7ab3866b792cefcd29bf79f54cfe3b6b5f57cbf
  original:
    hackage: containers-0.5.11.0@sha256:28ad7337057442f75bc689315ab4ec7bdf5e6b2c39668f306672cecd82c02798
- completed:
    hackage: json-schema-0.7.4.2@sha256:6f1c54247006f9d55a9d656a9e83af4b06cf6b49cebdfa79aec092f21181955f,2347
    pantry-tree:
      size: 849
      sha256: 907363d44a93e02be69fd69bdee6e8a1df79ccd904f560fc2fecee0020cb5605
  original:
    hackage: json-schema-0.7.4.2@sha256:6f1c54247006f9d55a9d656a9e83af4b06cf6b49cebdfa79aec092f21181955f
- completed:
    hackage: safe-money-0.7@sha256:8f31ac1ef9d76975af42771b2fc6b4433fddd3f751ec7737ae323ef4c8e5ac67,2475
    pantry-tree:
      size: 428
      sha256: d52e4efaa0faa10d73fc70918b3ca8e770e53aefeb4e12ebe6b1d7ff576d90fc
  original:
    hackage: safe-money-0.7@sha256:8f31ac1ef9d76975af42771b2fc6b4433fddd3f751ec7737ae323ef4c8e5ac67
- completed:
    hackage: optparse-applicative-0.15.1.0@sha256:a0b9924d88a17c36cd8e6839d7dd2138419dd8f08cbb4f9af18f3c367b0c69a3,4673
    pantry-tree:
      size: 2904
      sha256: f3baab2f89cb92de0f90cf9ac3a89f20f3b28bffd1be7b09c9e611a8c6957e61
  original:
    hackage: optparse-applicative-0.15.1.0@sha256:a0b9924d88a17c36cd8e6839d7dd2138419dd8f08cbb4f9af18f3c367b0c69a3,4673
- completed:
    hackage: generic-aeson-0.2.0.10@sha256:9d151244afd715c4ad6ce7d3f24fb04e0110f32a825b0838e34cd96523f94622,1090
    pantry-tree:
      size: 475
      sha256: 85ec0612d5947744954c9f83d8debe0354feab3644abe8df455c9f6cb768cb5d
  original:
    hackage: generic-aeson-0.2.0.10
- completed:
    hackage: binary-0.8.8.0@sha256:e9387a7ef2b34c6a23b09664c306e37cc01ae2cb4e4511a1c96ffb14008c24b0,6262
    pantry-tree:
      size: 1976
      sha256: 271cd1e75af293fc25a489d860f094dc635a4ed8b56aa5b343c58f4637736ca3
  original:
    hackage: binary-0.8.8.0@sha256:e9387a7ef2b34c6a23b09664c306e37cc01ae2cb4e4511a1c96ffb14008c24b0,6262
- completed:
    hackage: text-1.2.4.0@sha256:8c24450feb8e3bbb7ea3e17af24ef57e85db077c4bf53e5bcc345b283d1b1d5b,10081
    pantry-tree:
      size: 7457
      sha256: 3437b0a73ce2ae1a81aa8b3438d41a85981c00894cdbee0d6d6d6873046a5d5d
  original:
    hackage: text-1.2.4.0@sha256:8c24450feb8e3bbb7ea3e17af24ef57e85db077c4bf53e5bcc345b283d1b1d5b,10081
snapshots:
- completed:
    size: 523443
    url: https://raw.githubusercontent.com/commercialhaskell/stackage-snapshots/master/lts/14/0.yaml
    sha256: 283773e7120f5446d961eab35ea95c9af9c24187cc178537bd29273200a05171
  original: lts-14.0
